
Microsoft Visual Studio Solution File, Format Version 12.00
# Visual Studio Version 17
VisualStudioVersion = 17.12.35707.178 d17.12
MinimumVisualStudioVersion = 10.0.40219.1
Project("{FAE04EC0-301F-11D3-BF4B-00C04F79EFBC}") = "BasicThread", "BasicThread\BasicThread.csproj", "{E155F1D4-A304-4D9E-8CA2-00467511277D}"
EndProject
Global
	GlobalSection(SolutionConfigurationPlatforms) = preSolution
		Debug|Any CPU = Debug|Any CPU
		Release|Any CPU = Release|Any CPU
	EndGlobalSection
	GlobalSection(ProjectConfigurationPlatforms) = postSolution
		{E155F1D4-A304-4D9E-8CA2-00467511277D}.Debug|Any CPU.ActiveCfg = Debug|Any CPU
		{E155F1D4-A304-4D9E-8CA2-00467511277D}.Debug|Any CPU.Build.0 = Debug|Any CPU
		{E155F1D4-A304-4D9E-8CA2-00467511277D}.Release|Any CPU.ActiveCfg = Release|Any CPU
		{E155F1D4-A304-4D9E-8CA2-00467511277D}.Release|Any CPU.Build.0 = Release|Any CPU
	EndGlobalSection
	GlobalSection(SolutionProperties) = preSolution
		HideSolutionNode = FALSE
	EndGlobalSection
EndGlobal
